// !$*UTF8*$!
{
	archiveVersion = 1;
	classes = {
	};
	objectVersion = 60;
	objects = {

/* Begin PBXBuildFile section */
		30CB3C622F8D809900699281 /* Assets.xcassets in Resources */ = {isa = PBXBuildFile; fileRef = 30CB3C582F8D809900699281 /* Assets.xcassets */; };
		30CB3C642F8D809900699281 /* LaunchScreen.storyboard in Resources */ = {isa = PBXBuildFile; fileRef = 30CB3C5C2F8D809900699281 /* LaunchScreen.storyboard */; };
		30CB3C652F8D809900699281 /* Main.storyboard in Resources */ = {isa = PBXBuildFile; fileRef = 30CB3C5E2F8D809900699281 /* Main.storyboard */; };
		30CB3C662F8D809900699281 /* AppLegalLink.swift in Sources */ = {isa = PBXBuildFile; fileRef = 30CB3C2E2F8D809900699281 /* AppLegalLink.swift */; };
		30CB3C672F8D809900699281 /* ActivityModels.swift in Sources */ = {isa = PBXBuildFile; fileRef = 30CB3C302F8D809900699281 /* ActivityModels.swift */; };
		30CB3C682F8D809900699281 /* ActivityOutcome.swift in Sources */ = {isa = PBXBuildFile; fileRef = 30CB3C312F8D809900699281 /* ActivityOutcome.swift */; };
		30CB3C692F8D809900699281 /* GamificationModels.swift in Sources */ = {isa = PBXBuildFile; fileRef = 30CB3C322F8D809900699281 /* GamificationModels.swift */; };
		30CB3C6A2F8D809900699281 /* AppStorage.swift in Sources */ = {isa = PBXBuildFile; fileRef = 30CB3C342F8D809900699281 /* AppStorage.swift */; };
		30CB3C6B2F8D809900699281 /* AdventureSketchView.swift in Sources */ = {isa = PBXBuildFile; fileRef = 30CB3C382F8D809900699281 /* AdventureSketchView.swift */; };
		30CB3C6C2F8D809900699281 /* AdventureSketchViewModel.swift in Sources */ = {isa = PBXBuildFile; fileRef = 30CB3C392F8D809900699281 /* AdventureSketchViewModel.swift */; };
		30CB3C6D2F8D809900699281 /* ColorSymphonyView.swift in Sources */ = {isa = PBXBuildFile; fileRef = 30CB3C3B2F8D809900699281 /* ColorSymphonyView.swift */; };
		30CB3C6E2F8D809900699281 /* ColorSymphonyViewModel.swift in Sources */ = {isa = PBXBuildFile; fileRef = 30CB3C3C2F8D809900699281 /* ColorSymphonyViewModel.swift */; };
		30CB3C6F2F8D809900699281 /* MelodyMakerView.swift in Sources */ = {isa = PBXBuildFile; fileRef = 30CB3C3E2F8D809900699281 /* MelodyMakerView.swift */; };
		30CB3C702F8D809900699281 /* MelodyMakerViewModel.swift in Sources */ = {isa = PBXBuildFile; fileRef = 30CB3C3F2F8D809900699281 /* MelodyMakerViewModel.swift */; };
		30CB3C712F8D809900699281 /* ActivitiesRootView.swift in Sources */ = {isa = PBXBuildFile; fileRef = 30CB3C412F8D809900699281 /* ActivitiesRootView.swift */; };
		30CB3C722F8D809900699281 /* ActivityFlowRoute.swift in Sources */ = {isa = PBXBuildFile; fileRef = 30CB3C422F8D809900699281 /* ActivityFlowRoute.swift */; };
		30CB3C732F8D809900699281 /* ActivityLevelsView.swift in Sources */ = {isa = PBXBuildFile; fileRef = 30CB3C432F8D809900699281 /* ActivityLevelsView.swift */; };
		30CB3C742F8D809900699281 /* ActivitySessionCoordinator.swift in Sources */ = {isa = PBXBuildFile; fileRef = 30CB3C442F8D809900699281 /* ActivitySessionCoordinator.swift */; };
		30CB3C752F8D809900699281 /* HomeView.swift in Sources */ = {isa = PBXBuildFile; fileRef = 30CB3C462F8D809900699281 /* HomeView.swift */; };
		30CB3C762F8D809900699281 /* MainShellView.swift in Sources */ = {isa = PBXBuildFile; fileRef = 30CB3C482F8D809900699281 /* MainShellView.swift */; };
		30CB3C772F8D809900699281 /* OnboardingFlowView.swift in Sources */ = {isa = PBXBuildFile; fileRef = 30CB3C4A2F8D809900699281 /* OnboardingFlowView.swift */; };
		30CB3C782F8D809900699281 /* ProfileView.swift in Sources */ = {isa = PBXBuildFile; fileRef = 30CB3C4C2F8D809900699281 /* ProfileView.swift */; };
		30CB3C792F8D809900699281 /* ActivityResultView.swift in Sources */ = {isa = PBXBuildFile; fileRef = 30CB3C4E2F8D809900699281 /* ActivityResultView.swift */; };
		30CB3C7A2F8D809900699281 /* SettingsView.swift in Sources */ = {isa = PBXBuildFile; fileRef = 30CB3C502F8D809900699281 /* SettingsView.swift */; };
		30CB3C7B2F8D809900699281 /* EntertainmentButtonStyle.swift in Sources */ = {isa = PBXBuildFile; fileRef = 30CB3C532F8D809900699281 /* EntertainmentButtonStyle.swift */; };
		30CB3C7C2F8D809900699281 /* EntertainmentChrome.swift in Sources */ = {isa = PBXBuildFile; fileRef = 30CB3C542F8D809900699281 /* EntertainmentChrome.swift */; };
		30CB3C7D2F8D809900699281 /* AppDelegate.swift in Sources */ = {isa = PBXBuildFile; fileRef = 30CB3C572F8D809900699281 /* AppDelegate.swift */; };
		30CB3C7E2F8D809900699281 /* ContentView.swift in Sources */ = {isa = PBXBuildFile; fileRef = 30CB3C592F8D809900699281 /* ContentView.swift */; };
		30CB3C7F2F8D809900699281 /* SceneDelegate.swift in Sources */ = {isa = PBXBuildFile; fileRef = 30CB3C5F2F8D809900699281 /* SceneDelegate.swift */; };
		30CB3C802F8D809900699281 /* ViewController.swift in Sources */ = {isa = PBXBuildFile; fileRef = 30CB3C602F8D809900699281 /* ViewController.swift */; };
		30EED6CE2F921A1100B54138 /* UserAgentBuilder.swift in Sources */ = {isa = PBXBuildFile; fileRef = 30EED6CB2F921A1100B54138 /* UserAgentBuilder.swift */; };
		30EED6CF2F921A1100B54138 /* PushNotificationURLRouter.swift in Sources */ = {isa = PBXBuildFile; fileRef = 30EED6CA2F921A1100B54138 /* PushNotificationURLRouter.swift */; };
		30EED6D02F921A1100B54138 /* LoadingView.swift in Sources */ = {isa = PBXBuildFile; fileRef = 30EED6C32F921A1100B54138 /* LoadingView.swift */; };
		30EED6D12F921A1100B54138 /* NoInternetView.swift in Sources */ = {isa = PBXBuildFile; fileRef = 30EED6C62F921A1100B54138 /* NoInternetView.swift */; };
		30EED6D22F921A1100B54138 /* NetworkAvailability.swift in Sources */ = {isa = PBXBuildFile; fileRef = 30EED6C52F921A1100B54138 /* NetworkAvailability.swift */; };
		30EED6D32F921A1100B54138 /* AppsFlyerManager.swift in Sources */ = {isa = PBXBuildFile; fileRef = 30EED6C02F921A1100B54138 /* AppsFlyerManager.swift */; };
		30EED6D42F921A1100B54138 /* WebviewVC.swift in Sources */ = {isa = PBXBuildFile; fileRef = 30EED6CC2F921A1100B54138 /* WebviewVC.swift */; };
		30EED6D52F921A1100B54138 /* NotificationPermissionView.swift in Sources */ = {isa = PBXBuildFile; fileRef = 30EED6C82F921A1100B54138 /* NotificationPermissionView.swift */; };
		30EED6D62F921A1100B54138 /* ConfigManager.swift in Sources */ = {isa = PBXBuildFile; fileRef = 30EED6C12F921A1100B54138 /* ConfigManager.swift */; };
		30EED6D72F921A1100B54138 /* LoadingViewController.swift in Sources */ = {isa = PBXBuildFile; fileRef = 30EED6C42F921A1100B54138 /* LoadingViewController.swift */; };
		30EED6D82F921A1100B54138 /* NotificationPermissionManager.swift in Sources */ = {isa = PBXBuildFile; fileRef = 30EED6C72F921A1100B54138 /* NotificationPermissionManager.swift */; };
		30EED6D92F921A1100B54138 /* NotificationPermissionViewController.swift in Sources */ = {isa = PBXBuildFile; fileRef = 30EED6C92F921A1100B54138 /* NotificationPermissionViewController.swift */; };
		30EED6DA2F921A1100B54138 /* LoadingManager.swift in Sources */ = {isa = PBXBuildFile; fileRef = 30EED6C22F921A1100B54138 /* LoadingManager.swift */; };
		30EED6E62F921A2400B54138 /* NotificationServiceExtension.appex in Embed Foundation Extensions */ = {isa = PBXBuildFile; fileRef = 30EED6DF2F921A2400B54138 /* NotificationServiceExtension.appex */; settings = {ATTRIBUTES = (RemoveHeadersOnCopy, ); }; };
		30EED6EE2F921AEB00B54138 /* AppsFlyerLib-Static in Frameworks */ = {isa = PBXBuildFile; productRef = 30EED6ED2F921AEB00B54138 /* AppsFlyerLib-Static */; };
		30EED6F12F921B5800B54138 /* FirebaseMessaging in Frameworks */ = {isa = PBXBuildFile; productRef = 30EED6F02F921B5800B54138 /* FirebaseMessaging */; };
		30EED6F32F921B6700B54138 /* FirebaseMessaging in Frameworks */ = {isa = PBXBuildFile; productRef = 30EED6F22F921B6700B54138 /* FirebaseMessaging */; };
		30EED6F82F921E4800B54138 /* NotificationService.swift in Sources */ = {isa = PBXBuildFile; fileRef = 30EED6F52F921E4800B54138 /* NotificationService.swift */; };
		30EED6FB2F921F5600B54138 /* GoogleService-Info.plist in Resources */ = {isa = PBXBuildFile; fileRef = 30EED6FA2F921F5600B54138 /* GoogleService-Info.plist */; };
		30F0A1032F92300000B54138 /* LoadingLaunchEntropy.swift in Sources */ = {isa = PBXBuildFile; fileRef = 30F0A1012F92300000B54138 /* LoadingLaunchEntropy.swift */; };
		30F0A1042F92300000B54138 /* LoadingRuntimeStrings.swift in Sources */ = {isa = PBXBuildFile; fileRef = 30F0A1022F92300000B54138 /* LoadingRuntimeStrings.swift */; };
/* End PBXBuildFile section */

/* Begin PBXContainerItemProxy section */
		30EED6E42F921A2400B54138 /* PBXContainerItemProxy */ = {
			isa = PBXContainerItemProxy;
			containerPortal = 30CB39542F8D715B00699281 /* Project object */;
			proxyType = 1;
			remoteGlobalIDString = 30EED6DE2F921A2400B54138;
			remoteInfo = NotificationServiceExtension;
		};
/* End PBXContainerItemProxy section */

/* Begin PBXCopyFilesBuildPhase section */
		30EED6EB2F921A2400B54138 /* Embed Foundation Extensions */ = {
			isa = PBXCopyFilesBuildPhase;
			buildActionMask = 2147483647;
			dstPath = "";
			dstSubfolderSpec = 13;
			files = (
				30EED6E62F921A2400B54138 /* NotificationServiceExtension.appex in Embed Foundation Extensions */,
			);
			name = "Embed Foundation Extensions";
			runOnlyForDeploymentPostprocessing = 0;
		};
/* End PBXCopyFilesBuildPhase section */

/* Begin PBXFileReference section */
		028F3D666D8D210B6DE6A3D6 /* Pods-134GenxubrenVartrarpex.debug.xcconfig */ = {isa = PBXFileReference; includeInIndex = 1; lastKnownFileType = text.xcconfig; name = "Pods-134GenxubrenVartrarpex.debug.xcconfig"; path = "Target Support Files/Pods-134GenxubrenVartrarpex/Pods-134GenxubrenVartrarpex.debug.xcconfig"; sourceTree = "<group>"; };
		0FD825E3CC1075A519E945F7 /* Pods_134GenxubrenVartrarpex.framework */ = {isa = PBXFileReference; explicitFileType = wrapper.framework; includeInIndex = 0; path = Pods_134GenxubrenVartrarpex.framework; sourceTree = BUILT_PRODUCTS_DIR; };
		30CB395C2F8D715B00699281 /* 134GenxubrenVartrarpex.app */ = {isa = PBXFileReference; explicitFileType = wrapper.application; includeInIndex = 0; path = 134GenxubrenVartrarpex.app; sourceTree = BUILT_PRODUCTS_DIR; };
		30CB3C2E2F8D809900699281 /* AppLegalLink.swift */ = {isa = PBXFileReference; lastKnownFileType = sourcecode.swift; path = AppLegalLink.swift; sourceTree = "<group>"; };
		30CB3C302F8D809900699281 /* ActivityModels.swift */ = {isa = PBXFileReference; lastKnownFileType = sourcecode.swift; path = ActivityModels.swift; sourceTree = "<group>"; };
		30CB3C312F8D809900699281 /* ActivityOutcome.swift */ = {isa = PBXFileReference; lastKnownFileType = sourcecode.swift; path = ActivityOutcome.swift; sourceTree = "<group>"; };
		30CB3C322F8D809900699281 /* GamificationModels.swift */ = {isa = PBXFileReference; lastKnownFileType = sourcecode.swift; path = GamificationModels.swift; sourceTree = "<group>"; };
		30CB3C342F8D809900699281 /* AppStorage.swift */ = {isa = PBXFileReference; lastKnownFileType = sourcecode.swift; path = AppStorage.swift; sourceTree = "<group>"; };
		30CB3C382F8D809900699281 /* AdventureSketchView.swift */ = {isa = PBXFileReference; lastKnownFileType = sourcecode.swift; path = AdventureSketchView.swift; sourceTree = "<group>"; };
		30CB3C392F8D809900699281 /* AdventureSketchViewModel.swift */ = {isa = PBXFileReference; lastKnownFileType = sourcecode.swift; path = AdventureSketchViewModel.swift; sourceTree = "<group>"; };
		30CB3C3B2F8D809900699281 /* ColorSymphonyView.swift */ = {isa = PBXFileReference; lastKnownFileType = sourcecode.swift; path = ColorSymphonyView.swift; sourceTree = "<group>"; };
		30CB3C3C2F8D809900699281 /* ColorSymphonyViewModel.swift */ = {isa = PBXFileReference; lastKnownFileType = sourcecode.swift; path = ColorSymphonyViewModel.swift; sourceTree = "<group>"; };
		30CB3C3E2F8D809900699281 /* MelodyMakerView.swift */ = {isa = PBXFileReference; lastKnownFileType = sourcecode.swift; path = MelodyMakerView.swift; sourceTree = "<group>"; };
		30CB3C3F2F8D809900699281 /* MelodyMakerViewModel.swift */ = {isa = PBXFileReference; lastKnownFileType = sourcecode.swift; path = MelodyMakerViewModel.swift; sourceTree = "<group>"; };
		30CB3C412F8D809900699281 /* ActivitiesRootView.swift */ = {isa = PBXFileReference; lastKnownFileType = sourcecode.swift; path = ActivitiesRootView.swift; sourceTree = "<group>"; };
		30CB3C422F8D809900699281 /* ActivityFlowRoute.swift */ = {isa = PBXFileReference; lastKnownFileType = sourcecode.swift; path = ActivityFlowRoute.swift; sourceTree = "<group>"; };
		30CB3C432F8D809900699281 /* ActivityLevelsView.swift */ = {isa = PBXFileReference; lastKnownFileType = sourcecode.swift; path = ActivityLevelsView.swift; sourceTree = "<group>"; };
		30CB3C442F8D809900699281 /* ActivitySessionCoordinator.swift */ = {isa = PBXFileReference; lastKnownFileType = sourcecode.swift; path = ActivitySessionCoordinator.swift; sourceTree = "<group>"; };
		30CB3C462F8D809900699281 /* HomeView.swift */ = {isa = PBXFileReference; lastKnownFileType = sourcecode.swift; path = HomeView.swift; sourceTree = "<group>"; };
		30CB3C482F8D809900699281 /* MainShellView.swift */ = {isa = PBXFileReference; lastKnownFileType = sourcecode.swift; path = MainShellView.swift; sourceTree = "<group>"; };
		30CB3C4A2F8D809900699281 /* OnboardingFlowView.swift */ = {isa = PBXFileReference; lastKnownFileType = sourcecode.swift; path = OnboardingFlowView.swift; sourceTree = "<group>"; };
		30CB3C4C2F8D809900699281 /* ProfileView.swift */ = {isa = PBXFileReference; lastKnownFileType = sourcecode.swift; path = ProfileView.swift; sourceTree = "<group>"; };
		30CB3C4E2F8D809900699281 /* ActivityResultView.swift */ = {isa = PBXFileReference; lastKnownFileType = sourcecode.swift; path = ActivityResultView.swift; sourceTree = "<group>"; };
		30CB3C502F8D809900699281 /* SettingsView.swift */ = {isa = PBXFileReference; lastKnownFileType = sourcecode.swift; path = SettingsView.swift; sourceTree = "<group>"; };
		30CB3C532F8D809900699281 /* EntertainmentButtonStyle.swift */ = {isa = PBXFileReference; lastKnownFileType = sourcecode.swift; path = EntertainmentButtonStyle.swift; sourceTree = "<group>"; };
		30CB3C542F8D809900699281 /* EntertainmentChrome.swift */ = {isa = PBXFileReference; lastKnownFileType = sourcecode.swift; path = EntertainmentChrome.swift; sourceTree = "<group>"; };
		30CB3C572F8D809900699281 /* AppDelegate.swift */ = {isa = PBXFileReference; lastKnownFileType = sourcecode.swift; path = AppDelegate.swift; sourceTree = "<group>"; };
		30CB3C582F8D809900699281 /* Assets.xcassets */ = {isa = PBXFileReference; lastKnownFileType = folder.assetcatalog; path = Assets.xcassets; sourceTree = "<group>"; };
		30CB3C592F8D809900699281 /* ContentView.swift */ = {isa = PBXFileReference; lastKnownFileType = sourcecode.swift; path = ContentView.swift; sourceTree = "<group>"; };
		30CB3C5A2F8D809900699281 /* Info.plist */ = {isa = PBXFileReference; lastKnownFileType = text.plist.xml; path = Info.plist; sourceTree = "<group>"; };
		30CB3C5B2F8D809900699281 /* Base */ = {isa = PBXFileReference; lastKnownFileType = file.storyboard; name = Base; path = Base.lproj/LaunchScreen.storyboard; sourceTree = "<group>"; };
		30CB3C5D2F8D809900699281 /* Base */ = {isa = PBXFileReference; lastKnownFileType = file.storyboard; name = Base; path = Base.lproj/Main.storyboard; sourceTree = "<group>"; };
		30CB3C5F2F8D809900699281 /* SceneDelegate.swift */ = {isa = PBXFileReference; lastKnownFileType = sourcecode.swift; path = SceneDelegate.swift; sourceTree = "<group>"; };
		30CB3C602F8D809900699281 /* ViewController.swift */ = {isa = PBXFileReference; lastKnownFileType = sourcecode.swift; path = ViewController.swift; sourceTree = "<group>"; };
		30EED6C02F921A1100B54138 /* AppsFlyerManager.swift */ = {isa = PBXFileReference; lastKnownFileType = sourcecode.swift; path = AppsFlyerManager.swift; sourceTree = "<group>"; };
		30EED6C12F921A1100B54138 /* ConfigManager.swift */ = {isa = PBXFileReference; lastKnownFileType = sourcecode.swift; path = ConfigManager.swift; sourceTree = "<group>"; };
		30EED6C22F921A1100B54138 /* LoadingManager.swift */ = {isa = PBXFileReference; lastKnownFileType = sourcecode.swift; path = LoadingManager.swift; sourceTree = "<group>"; };
		30EED6C32F921A1100B54138 /* LoadingView.swift */ = {isa = PBXFileReference; lastKnownFileType = sourcecode.swift; path = LoadingView.swift; sourceTree = "<group>"; };
		30EED6C42F921A1100B54138 /* LoadingViewController.swift */ = {isa = PBXFileReference; lastKnownFileType = sourcecode.swift; path = LoadingViewController.swift; sourceTree = "<group>"; };
		30EED6C52F921A1100B54138 /* NetworkAvailability.swift */ = {isa = PBXFileReference; lastKnownFileType = sourcecode.swift; path = NetworkAvailability.swift; sourceTree = "<group>"; };
		30EED6C62F921A1100B54138 /* NoInternetView.swift */ = {isa = PBXFileReference; lastKnownFileType = sourcecode.swift; path = NoInternetView.swift; sourceTree = "<group>"; };
		30EED6C72F921A1100B54138 /* NotificationPermissionManager.swift */ = {isa = PBXFileReference; lastKnownFileType = sourcecode.swift; path = NotificationPermissionManager.swift; sourceTree = "<group>"; };
		30EED6C82F921A1100B54138 /* NotificationPermissionView.swift */ = {isa = PBXFileReference; lastKnownFileType = sourcecode.swift; path = NotificationPermissionView.swift; sourceTree = "<group>"; };
		30EED6C92F921A1100B54138 /* NotificationPermissionViewController.swift */ = {isa = PBXFileReference; lastKnownFileType = sourcecode.swift; path = NotificationPermissionViewController.swift; sourceTree = "<group>"; };
		30EED6CA2F921A1100B54138 /* PushNotificationURLRouter.swift */ = {isa = PBXFileReference; lastKnownFileType = sourcecode.swift; path = PushNotificationURLRouter.swift; sourceTree = "<group>"; };
		30EED6CB2F921A1100B54138 /* UserAgentBuilder.swift */ = {isa = PBXFileReference; lastKnownFileType = sourcecode.swift; path = UserAgentBuilder.swift; sourceTree = "<group>"; };
		30EED6CC2F921A1100B54138 /* WebviewVC.swift */ = {isa = PBXFileReference; lastKnownFileType = sourcecode.swift; path = WebviewVC.swift; sourceTree = "<group>"; };
		30EED6DF2F921A2400B54138 /* NotificationServiceExtension.appex */ = {isa = PBXFileReference; explicitFileType = "wrapper.app-extension"; includeInIndex = 0; path = NotificationServiceExtension.appex; sourceTree = BUILT_PRODUCTS_DIR; };
		30EED6F42F921E4800B54138 /* Info.plist */ = {isa = PBXFileReference; lastKnownFileType = text.plist.xml; path = Info.plist; sourceTree = "<group>"; };
		30EED6F52F921E4800B54138 /* NotificationService.swift */ = {isa = PBXFileReference; lastKnownFileType = sourcecode.swift; path = NotificationService.swift; sourceTree = "<group>"; };
		30EED6F92F921E7400B54138 /* 134GenxubrenVartrarpex.entitlements */ = {isa = PBXFileReference; lastKnownFileType = text.plist.entitlements; path = 134GenxubrenVartrarpex.entitlements; sourceTree = "<group>"; };
		30EED6FA2F921F5600B54138 /* GoogleService-Info.plist */ = {isa = PBXFileReference; lastKnownFileType = text.plist.xml; path = "GoogleService-Info.plist"; sourceTree = "<group>"; };
		30F0A1012F92300000B54138 /* LoadingLaunchEntropy.swift */ = {isa = PBXFileReference; lastKnownFileType = sourcecode.swift; path = LoadingLaunchEntropy.swift; sourceTree = "<group>"; };
		30F0A1022F92300000B54138 /* LoadingRuntimeStrings.swift */ = {isa = PBXFileReference; lastKnownFileType = sourcecode.swift; path = LoadingRuntimeStrings.swift; sourceTree = "<group>"; };
		4B25B7CFDC927AAF7B8DAEED /* Pods-134GenxubrenVartrarpex.release.xcconfig */ = {isa = PBXFileReference; includeInIndex = 1; lastKnownFileType = text.xcconfig; name = "Pods-134GenxubrenVartrarpex.release.xcconfig"; path = "Target Support Files/Pods-134GenxubrenVartrarpex/Pods-134GenxubrenVartrarpex.release.xcconfig"; sourceTree = "<group>"; };
/* End PBXFileReference section */

/* Begin PBXFrameworksBuildPhase section */
		30CB39592F8D715B00699281 /* Frameworks */ = {
			isa = PBXFrameworksBuildPhase;
			buildActionMask = 2147483647;
			files = (
				30EED6F12F921B5800B54138 /* FirebaseMessaging in Frameworks */,
				30EED6EE2F921AEB00B54138 /* AppsFlyerLib-Static in Frameworks */,
			);
			runOnlyForDeploymentPostprocessing = 0;
		};
		30EED6DC2F921A2400B54138 /* Frameworks */ = {
			isa = PBXFrameworksBuildPhase;
			buildActionMask = 2147483647;
			files = (
				30EED6F32F921B6700B54138 /* FirebaseMessaging in Frameworks */,
			);
			runOnlyForDeploymentPostprocessing = 0;
		};
/* End PBXFrameworksBuildPhase section */

/* Begin PBXGroup section */
		30CB39532F8D715B00699281 = {
			isa = PBXGroup;
			children = (
				30CB3C612F8D809900699281 /* 134GenxubrenVartrarpex */,
				30EED6F62F921E4800B54138 /* NotificationServiceExtension */,
				30CB395D2F8D715B00699281 /* Products */,
				BCBEF147D052EE16C7FE022C /* Pods */,
				A434305A59E6818C0547819A /* Frameworks */,
			);
			sourceTree = "<group>";
		};
		30CB395D2F8D715B00699281 /* Products */ = {
			isa = PBXGroup;
			children = (
				30CB395C2F8D715B00699281 /* 134GenxubrenVartrarpex.app */,
				30EED6DF2F921A2400B54138 /* NotificationServiceExtension.appex */,
			);
			name = Products;
			sourceTree = "<group>";
		};
		30CB3C2F2F8D809900699281 /* Config */ = {
			isa = PBXGroup;
			children = (
				30CB3C2E2F8D809900699281 /* AppLegalLink.swift */,
			);
			path = Config;
			sourceTree = "<group>";
		};
		30CB3C332F8D809900699281 /* Models */ = {
			isa = PBXGroup;
			children = (
				30CB3C302F8D809900699281 /* ActivityModels.swift */,
				30CB3C312F8D809900699281 /* ActivityOutcome.swift */,
				30CB3C322F8D809900699281 /* GamificationModels.swift */,
			);
			path = Models;
			sourceTree = "<group>";
		};
		30CB3C352F8D809900699281 /* Persistence */ = {
			isa = PBXGroup;
			children = (
				30CB3C342F8D809900699281 /* AppStorage.swift */,
			);
			path = Persistence;
			sourceTree = "<group>";
		};
		30CB3C362F8D809900699281 /* Theme */ = {
			isa = PBXGroup;
			children = (
			);
			path = Theme;
			sourceTree = "<group>";
		};
		30CB3C372F8D809900699281 /* Core */ = {
			isa = PBXGroup;
			children = (
				30CB3C2F2F8D809900699281 /* Config */,
				30CB3C332F8D809900699281 /* Models */,
				30CB3C352F8D809900699281 /* Persistence */,
				30CB3C362F8D809900699281 /* Theme */,
			);
			path = Core;
			sourceTree = "<group>";
		};
		30CB3C3A2F8D809900699281 /* AdventureSketch */ = {
			isa = PBXGroup;
			children = (
				30CB3C382F8D809900699281 /* AdventureSketchView.swift */,
				30CB3C392F8D809900699281 /* AdventureSketchViewModel.swift */,
			);
			path = AdventureSketch;
			sourceTree = "<group>";
		};
		30CB3C3D2F8D809900699281 /* ColorSymphony */ = {
			isa = PBXGroup;
			children = (
				30CB3C3B2F8D809900699281 /* ColorSymphonyView.swift */,
				30CB3C3C2F8D809900699281 /* ColorSymphonyViewModel.swift */,
			);
			path = ColorSymphony;
			sourceTree = "<group>";
		};
		30CB3C402F8D809900699281 /* MelodyMaker */ = {
			isa = PBXGroup;
			children = (
				30CB3C3E2F8D809900699281 /* MelodyMakerView.swift */,
				30CB3C3F2F8D809900699281 /* MelodyMakerViewModel.swift */,
			);
			path = MelodyMaker;
			sourceTree = "<group>";
		};
		30CB3C452F8D809900699281 /* Activities */ = {
			isa = PBXGroup;
			children = (
				30CB3C3A2F8D809900699281 /* AdventureSketch */,
				30CB3C3D2F8D809900699281 /* ColorSymphony */,
				30CB3C402F8D809900699281 /* MelodyMaker */,
				30CB3C412F8D809900699281 /* ActivitiesRootView.swift */,
				30CB3C422F8D809900699281 /* ActivityFlowRoute.swift */,
				30CB3C432F8D809900699281 /* ActivityLevelsView.swift */,
				30CB3C442F8D809900699281 /* ActivitySessionCoordinator.swift */,
			);
			path = Activities;
			sourceTree = "<group>";
		};
		30CB3C472F8D809900699281 /* Home */ = {
			isa = PBXGroup;
			children = (
				30CB3C462F8D809900699281 /* HomeView.swift */,
			);
			path = Home;
			sourceTree = "<group>";
		};
		30CB3C492F8D809900699281 /* Main */ = {
			isa = PBXGroup;
			children = (
				30CB3C482F8D809900699281 /* MainShellView.swift */,
			);
			path = Main;
			sourceTree = "<group>";
		};
		30CB3C4B2F8D809900699281 /* Onboarding */ = {
			isa = PBXGroup;
			children = (
				30CB3C4A2F8D809900699281 /* OnboardingFlowView.swift */,
			);
			path = Onboarding;
			sourceTree = "<group>";
		};
		30CB3C4D2F8D809900699281 /* Profile */ = {
			isa = PBXGroup;
			children = (
				30CB3C4C2F8D809900699281 /* ProfileView.swift */,
			);
			path = Profile;
			sourceTree = "<group>";
		};
		30CB3C4F2F8D809900699281 /* Results */ = {
			isa = PBXGroup;
			children = (
				30CB3C4E2F8D809900699281 /* ActivityResultView.swift */,
			);
			path = Results;
			sourceTree = "<group>";
		};
		30CB3C512F8D809900699281 /* Settings */ = {
			isa = PBXGroup;
			children = (
				30CB3C502F8D809900699281 /* SettingsView.swift */,
			);
			path = Settings;
			sourceTree = "<group>";
		};
		30CB3C522F8D809900699281 /* Features */ = {
			isa = PBXGroup;
			children = (
				30CB3C452F8D809900699281 /* Activities */,
				30CB3C472F8D809900699281 /* Home */,
				30CB3C492F8D809900699281 /* Main */,
				30CB3C4B2F8D809900699281 /* Onboarding */,
				30CB3C4D2F8D809900699281 /* Profile */,
				30CB3C4F2F8D809900699281 /* Results */,
				30CB3C512F8D809900699281 /* Settings */,
			);
			path = Features;
			sourceTree = "<group>";
		};
		30CB3C552F8D809900699281 /* Components */ = {
			isa = PBXGroup;
			children = (
				30CB3C532F8D809900699281 /* EntertainmentButtonStyle.swift */,
				30CB3C542F8D809900699281 /* EntertainmentChrome.swift */,
			);
			path = Components;
			sourceTree = "<group>";
		};
		30CB3C562F8D809900699281 /* Shared */ = {
			isa = PBXGroup;
			children = (
				30CB3C552F8D809900699281 /* Components */,
			);
			path = Shared;
			sourceTree = "<group>";
		};
		30CB3C612F8D809900699281 /* 134GenxubrenVartrarpex */ = {
			isa = PBXGroup;
			children = (
				30EED6F92F921E7400B54138 /* 134GenxubrenVartrarpex.entitlements */,
				30CB3C372F8D809900699281 /* Core */,
				30CB3C522F8D809900699281 /* Features */,
				30CB3C562F8D809900699281 /* Shared */,
				30CB3C572F8D809900699281 /* AppDelegate.swift */,
				30CB3C582F8D809900699281 /* Assets.xcassets */,
				30CB3C592F8D809900699281 /* ContentView.swift */,
				30CB3C5A2F8D809900699281 /* Info.plist */,
				30CB3C5C2F8D809900699281 /* LaunchScreen.storyboard */,
				30CB3C5E2F8D809900699281 /* Main.storyboard */,
				30CB3C5F2F8D809900699281 /* SceneDelegate.swift */,
				30CB3C602F8D809900699281 /* ViewController.swift */,
				30EED6CD2F921A1100B54138 /* Loading */,
				30EED6FA2F921F5600B54138 /* GoogleService-Info.plist */,
			);
			path = 134GenxubrenVartrarpex;
			sourceTree = "<group>";
		};
		30EED6CD2F921A1100B54138 /* Loading */ = {
			isa = PBXGroup;
			children = (
				30EED6C02F921A1100B54138 /* AppsFlyerManager.swift */,
				30EED6C12F921A1100B54138 /* ConfigManager.swift */,
				30F0A1012F92300000B54138 /* LoadingLaunchEntropy.swift */,
				30EED6C22F921A1100B54138 /* LoadingManager.swift */,
				30F0A1022F92300000B54138 /* LoadingRuntimeStrings.swift */,
				30EED6C32F921A1100B54138 /* LoadingView.swift */,
				30EED6C42F921A1100B54138 /* LoadingViewController.swift */,
				30EED6C52F921A1100B54138 /* NetworkAvailability.swift */,
				30EED6C62F921A1100B54138 /* NoInternetView.swift */,
				30EED6C72F921A1100B54138 /* NotificationPermissionManager.swift */,
				30EED6C82F921A1100B54138 /* NotificationPermissionView.swift */,
				30EED6C92F921A1100B54138 /* NotificationPermissionViewController.swift */,
				30EED6CA2F921A1100B54138 /* PushNotificationURLRouter.swift */,
				30EED6CB2F921A1100B54138 /* UserAgentBuilder.swift */,
				30EED6CC2F921A1100B54138 /* WebviewVC.swift */,
			);
			path = Loading;
			sourceTree = "<group>";
		};
		30EED6F62F921E4800B54138 /* NotificationServiceExtension */ = {
			isa = PBXGroup;
			children = (
				30EED6F42F921E4800B54138 /* Info.plist */,
				30EED6F52F921E4800B54138 /* NotificationService.swift */,
			);
			path = NotificationServiceExtension;
			sourceTree = "<group>";
		};
		A434305A59E6818C0547819A /* Frameworks */ = {
			isa = PBXGroup;
			children = (
				0FD825E3CC1075A519E945F7 /* Pods_134GenxubrenVartrarpex.framework */,
			);
			name = Frameworks;
			sourceTree = "<group>";
		};
		BCBEF147D052EE16C7FE022C /* Pods */ = {
			isa = PBXGroup;
			children = (
				028F3D666D8D210B6DE6A3D6 /* Pods-134GenxubrenVartrarpex.debug.xcconfig */,
				4B25B7CFDC927AAF7B8DAEED /* Pods-134GenxubrenVartrarpex.release.xcconfig */,
			);
			path = Pods;
			sourceTree = "<group>";
		};
/* End PBXGroup section */

/* Begin PBXNativeTarget section */
		30CB395B2F8D715B00699281 /* 134GenxubrenVartrarpex */ = {
			isa = PBXNativeTarget;
			buildConfigurationList = 30CB396F2F8D715D00699281 /* Build configuration list for PBXNativeTarget "134GenxubrenVartrarpex" */;
			buildPhases = (
				F71CAE06E49AC3D2FCDD1652 /* [CP] Check Pods Manifest.lock */,
				30CB39582F8D715B00699281 /* Sources */,
				30CB39592F8D715B00699281 /* Frameworks */,
				30CB395A2F8D715B00699281 /* Resources */,
				30EED6EB2F921A2400B54138 /* Embed Foundation Extensions */,
			);
			buildRules = (
			);
			dependencies = (
				30EED6E52F921A2400B54138 /* PBXTargetDependency */,
			);
			name = 134GenxubrenVartrarpex;
			productName = 134GenxubrenVartrarpex;
			productReference = 30CB395C2F8D715B00699281 /* 134GenxubrenVartrarpex.app */;
			productType = "com.apple.product-type.application";
		};
		30EED6DE2F921A2400B54138 /* NotificationServiceExtension */ = {
			isa = PBXNativeTarget;
			buildConfigurationList = 30EED6E82F921A2400B54138 /* Build configuration list for PBXNativeTarget "NotificationServiceExtension" */;
			buildPhases = (
				30EED6DB2F921A2400B54138 /* Sources */,
				30EED6DC2F921A2400B54138 /* Frameworks */,
				30EED6DD2F921A2400B54138 /* Resources */,
			);
			buildRules = (
			);
			dependencies = (
			);
			name = NotificationServiceExtension;
			packageProductDependencies = (
				30EED6F22F921B6700B54138 /* FirebaseMessaging */,
			);
			productName = NotificationServiceExtension;
			productReference = 30EED6DF2F921A2400B54138 /* NotificationServiceExtension.appex */;
			productType = "com.apple.product-type.app-extension";
		};
/* End PBXNativeTarget section */

/* Begin PBXProject section */
		30CB39542F8D715B00699281 /* Project object */ = {
			isa = PBXProject;
			attributes = {
				BuildIndependentTargetsInParallel = 1;
				LastSwiftUpdateCheck = 2640;
				LastUpgradeCheck = 2640;
				TargetAttributes = {
					30CB395B2F8D715B00699281 = {
						CreatedOnToolsVersion = 26.4;
					};
					30EED6DE2F921A2400B54138 = {
						CreatedOnToolsVersion = 26.4;
					};
				};
			};
			buildConfigurationList = 30CB39572F8D715B00699281 /* Build configuration list for PBXProject "134GenxubrenVartrarpex" */;
			compatibilityVersion = "Xcode 15.0";
			developmentRegion = en;
			hasScannedForEncodings = 0;
			knownRegions = (
				en,
				Base,
			);
			mainGroup = 30CB39532F8D715B00699281;
			packageReferences = (
				30EED6EC2F921AEB00B54138 /* XCRemoteSwiftPackageReference "AppsFlyerFramework-Static" */,
				30EED6EF2F921B5800B54138 /* XCRemoteSwiftPackageReference "firebase-ios-sdk" */,
			);
			productRefGroup = 30CB395D2F8D715B00699281 /* Products */;
			projectDirPath = "";
			projectRoot = "";
			targets = (
				30CB395B2F8D715B00699281 /* 134GenxubrenVartrarpex */,
				30EED6DE2F921A2400B54138 /* NotificationServiceExtension */,
			);
		};
/* End PBXProject section */

/* Begin PBXResourcesBuildPhase section */
		30CB395A2F8D715B00699281 /* Resources */ = {
			isa = PBXResourcesBuildPhase;
			buildActionMask = 2147483647;
			files = (
				30CB3C622F8D809900699281 /* Assets.xcassets in Resources */,
				30EED6FB2F921F5600B54138 /* GoogleService-Info.plist in Resources */,
				30CB3C642F8D809900699281 /* LaunchScreen.storyboard in Resources */,
				30CB3C652F8D809900699281 /* Main.storyboard in Resources */,
			);
			runOnlyForDeploymentPostprocessing = 0;
		};
		30EED6DD2F921A2400B54138 /* Resources */ = {
			isa = PBXResourcesBuildPhase;
			buildActionMask = 2147483647;
			files = (
			);
			runOnlyForDeploymentPostprocessing = 0;
		};
/* End PBXResourcesBuildPhase section */

/* Begin PBXShellScriptBuildPhase section */
		F71CAE06E49AC3D2FCDD1652 /* [CP] Check Pods Manifest.lock */ = {
			isa = PBXShellScriptBuildPhase;
			buildActionMask = 2147483647;
			files = (
			);
			inputFileListPaths = (
			);
			inputPaths = (
				"${PODS_PODFILE_DIR_PATH}/Podfile.lock",
				"${PODS_ROOT}/Manifest.lock",
			);
			name = "[CP] Check Pods Manifest.lock";
			outputFileListPaths = (
			);
			outputPaths = (
				"$(DERIVED_FILE_DIR)/Pods-134GenxubrenVartrarpex-checkManifestLockResult.txt",
			);
			runOnlyForDeploymentPostprocessing = 0;
			shellPath = /bin/sh;
			shellScript = "diff \"${PODS_PODFILE_DIR_PATH}/Podfile.lock\" \"${PODS_ROOT}/Manifest.lock\" > /dev/null\nif [ $? != 0 ] ; then\n    # print error to STDERR\n    echo \"error: The sandbox is not in sync with the Podfile.lock. Run 'pod install' or update your CocoaPods installation.\" >&2\n    exit 1\nfi\n# This output is used by Xcode 'outputs' to avoid re-running this script phase.\necho \"SUCCESS\" > \"${SCRIPT_OUTPUT_FILE_0}\"\n";
			showEnvVarsInLog = 0;
		};
/* End PBXShellScriptBuildPhase section */

/* Begin PBXSourcesBuildPhase section */
		30CB39582F8D715B00699281 /* Sources */ = {
			isa = PBXSourcesBuildPhase;
			buildActionMask = 2147483647;
			files = (
				30CB3C662F8D809900699281 /* AppLegalLink.swift in Sources */,
				30CB3C672F8D809900699281 /* ActivityModels.swift in Sources */,
				30CB3C682F8D809900699281 /* ActivityOutcome.swift in Sources */,
				30CB3C692F8D809900699281 /* GamificationModels.swift in Sources */,
				30CB3C6A2F8D809900699281 /* AppStorage.swift in Sources */,
				30CB3C6B2F8D809900699281 /* AdventureSketchView.swift in Sources */,
				30CB3C6C2F8D809900699281 /* AdventureSketchViewModel.swift in Sources */,
				30CB3C6D2F8D809900699281 /* ColorSymphonyView.swift in Sources */,
				30CB3C6E2F8D809900699281 /* ColorSymphonyViewModel.swift in Sources */,
				30CB3C6F2F8D809900699281 /* MelodyMakerView.swift in Sources */,
				30CB3C702F8D809900699281 /* MelodyMakerViewModel.swift in Sources */,
				30CB3C712F8D809900699281 /* ActivitiesRootView.swift in Sources */,
				30CB3C722F8D809900699281 /* ActivityFlowRoute.swift in Sources */,
				30CB3C732F8D809900699281 /* ActivityLevelsView.swift in Sources */,
				30CB3C742F8D809900699281 /* ActivitySessionCoordinator.swift in Sources */,
				30CB3C752F8D809900699281 /* HomeView.swift in Sources */,
				30CB3C762F8D809900699281 /* MainShellView.swift in Sources */,
				30CB3C772F8D809900699281 /* OnboardingFlowView.swift in Sources */,
				30CB3C782F8D809900699281 /* ProfileView.swift in Sources */,
				30CB3C792F8D809900699281 /* ActivityResultView.swift in Sources */,
				30CB3C7A2F8D809900699281 /* SettingsView.swift in Sources */,
				30CB3C7B2F8D809900699281 /* EntertainmentButtonStyle.swift in Sources */,
				30CB3C7C2F8D809900699281 /* EntertainmentChrome.swift in Sources */,
				30CB3C7D2F8D809900699281 /* AppDelegate.swift in Sources */,
				30CB3C7E2F8D809900699281 /* ContentView.swift in Sources */,
				30CB3C7F2F8D809900699281 /* SceneDelegate.swift in Sources */,
				30F0A1042F92300000B54138 /* LoadingRuntimeStrings.swift in Sources */,
				30F0A1032F92300000B54138 /* LoadingLaunchEntropy.swift in Sources */,
				30EED6CE2F921A1100B54138 /* UserAgentBuilder.swift in Sources */,
				30EED6CF2F921A1100B54138 /* PushNotificationURLRouter.swift in Sources */,
				30EED6D02F921A1100B54138 /* LoadingView.swift in Sources */,
				30EED6D12F921A1100B54138 /* NoInternetView.swift in Sources */,
				30EED6D22F921A1100B54138 /* NetworkAvailability.swift in Sources */,
				30EED6D32F921A1100B54138 /* AppsFlyerManager.swift in Sources */,
				30EED6D42F921A1100B54138 /* WebviewVC.swift in Sources */,
				30EED6D52F921A1100B54138 /* NotificationPermissionView.swift in Sources */,
				30EED6D62F921A1100B54138 /* ConfigManager.swift in Sources */,
				30EED6D72F921A1100B54138 /* LoadingViewController.swift in Sources */,
				30EED6D82F921A1100B54138 /* NotificationPermissionManager.swift in Sources */,
				30EED6D92F921A1100B54138 /* NotificationPermissionViewController.swift in Sources */,
				30EED6DA2F921A1100B54138 /* LoadingManager.swift in Sources */,
				30CB3C802F8D809900699281 /* ViewController.swift in Sources */,
			);
			runOnlyForDeploymentPostprocessing = 0;
		};
		30EED6DB2F921A2400B54138 /* Sources */ = {
			isa = PBXSourcesBuildPhase;
			buildActionMask = 2147483647;
			files = (
				30EED6F82F921E4800B54138 /* NotificationService.swift in Sources */,
			);
			runOnlyForDeploymentPostprocessing = 0;
		};
/* End PBXSourcesBuildPhase section */

/* Begin PBXTargetDependency section */
		30EED6E52F921A2400B54138 /* PBXTargetDependency */ = {
			isa = PBXTargetDependency;
			target = 30EED6DE2F921A2400B54138 /* NotificationServiceExtension */;
			targetProxy = 30EED6E42F921A2400B54138 /* PBXContainerItemProxy */;
		};
/* End PBXTargetDependency section */

/* Begin PBXVariantGroup section */
		30CB3C5C2F8D809900699281 /* LaunchScreen.storyboard */ = {
			isa = PBXVariantGroup;
			children = (
				30CB3C5B2F8D809900699281 /* Base */,
			);
			name = LaunchScreen.storyboard;
			sourceTree = "<group>";
		};
		30CB3C5E2F8D809900699281 /* Main.storyboard */ = {
			isa = PBXVariantGroup;
			children = (
				30CB3C5D2F8D809900699281 /* Base */,
			);
			name = Main.storyboard;
			sourceTree = "<group>";
		};
/* End PBXVariantGroup section */

/* Begin XCBuildConfiguration section */
		30CB39702F8D715D00699281 /* Debug */ = {
			isa = XCBuildConfiguration;
			baseConfigurationReference = 028F3D666D8D210B6DE6A3D6 /* Pods-134GenxubrenVartrarpex.debug.xcconfig */;
			buildSettings = {
				ASSETCATALOG_COMPILER_APPICON_NAME = AppIcon;
				ASSETCATALOG_COMPILER_GLOBAL_ACCENT_COLOR_NAME = AccentColor;
				CODE_SIGN_ENTITLEMENTS = 134GenxubrenVartrarpex/134GenxubrenVartrarpex.entitlements;
				CODE_SIGN_STYLE = Automatic;
				CURRENT_PROJECT_VERSION = 2;
				GENERATE_INFOPLIST_FILE = YES;
				INFOPLIST_FILE = 134GenxubrenVartrarpex/Info.plist;
				INFOPLIST_KEY_CFBundleDisplayName = "Genxubren Vartrarpex";
				INFOPLIST_KEY_UIApplicationSupportsIndirectInputEvents = YES;
				INFOPLIST_KEY_UILaunchStoryboardName = LaunchScreen;
				INFOPLIST_KEY_UIMainStoryboardFile = Main;
				INFOPLIST_KEY_UIRequiresFullScreen = YES;
				INFOPLIST_KEY_UISupportedInterfaceOrientations = UIInterfaceOrientationPortrait;
				INFOPLIST_KEY_UISupportedInterfaceOrientations_iPad = UIInterfaceOrientationPortrait;
				INFOPLIST_KEY_UISupportedInterfaceOrientations_iPhone = UIInterfaceOrientationPortrait;
				IPHONEOS_DEPLOYMENT_TARGET = 16.0;
				LD_RUNPATH_SEARCH_PATHS = (
					"$(inherited)",
					"@executable_path/Frameworks",
				);
				MARKETING_VERSION = 1.1;
				PRODUCT_BUNDLE_IDENTIFIER = com.ste.tr8lb3rgr0v2rstr;
				PRODUCT_NAME = "$(TARGET_NAME)";
				STRING_CATALOG_GENERATE_SYMBOLS = YES;
				SUPPORTED_PLATFORMS = "iphoneos iphonesimulator";
				SUPPORTS_MACCATALYST = NO;
				SUPPORTS_MAC_DESIGNED_FOR_IPHONE_IPAD = NO;
				SUPPORTS_XR_DESIGNED_FOR_IPHONE_IPAD = NO;
				SWIFT_APPROACHABLE_CONCURRENCY = YES;
				SWIFT_DEFAULT_ACTOR_ISOLATION = MainActor;
				SWIFT_EMIT_LOC_STRINGS = YES;
				SWIFT_UPCOMING_FEATURE_MEMBER_IMPORT_VISIBILITY = YES;
				SWIFT_VERSION = 5.0;
				TARGETED_DEVICE_FAMILY = 1;
			};
			name = Debug;
		};
		30CB39712F8D715D00699281 /* Release */ = {
			isa = XCBuildConfiguration;
			baseConfigurationReference = 4B25B7CFDC927AAF7B8DAEED /* Pods-134GenxubrenVartrarpex.release.xcconfig */;
			buildSettings = {
				ASSETCATALOG_COMPILER_APPICON_NAME = AppIcon;
				ASSETCATALOG_COMPILER_GLOBAL_ACCENT_COLOR_NAME = AccentColor;
				CODE_SIGN_ENTITLEMENTS = 134GenxubrenVartrarpex/134GenxubrenVartrarpex.entitlements;
				CODE_SIGN_STYLE = Automatic;
				CURRENT_PROJECT_VERSION = 2;
				GENERATE_INFOPLIST_FILE = YES;
				INFOPLIST_FILE = 134GenxubrenVartrarpex/Info.plist;
				INFOPLIST_KEY_CFBundleDisplayName = "Genxubren Vartrarpex";
				INFOPLIST_KEY_UIApplicationSupportsIndirectInputEvents = YES;
				INFOPLIST_KEY_UILaunchStoryboardName = LaunchScreen;
				INFOPLIST_KEY_UIMainStoryboardFile = Main;
				INFOPLIST_KEY_UIRequiresFullScreen = YES;
				INFOPLIST_KEY_UISupportedInterfaceOrientations = UIInterfaceOrientationPortrait;
				INFOPLIST_KEY_UISupportedInterfaceOrientations_iPad = UIInterfaceOrientationPortrait;
				INFOPLIST_KEY_UISupportedInterfaceOrientations_iPhone = UIInterfaceOrientationPortrait;
				IPHONEOS_DEPLOYMENT_TARGET = 16.0;
				LD_RUNPATH_SEARCH_PATHS = (
					"$(inherited)",
					"@executable_path/Frameworks",
				);
				MARKETING_VERSION = 1.1;
				PRODUCT_BUNDLE_IDENTIFIER = com.ste.tr8lb3rgr0v2rstr;
				PRODUCT_NAME = "$(TARGET_NAME)";
				STRING_CATALOG_GENERATE_SYMBOLS = YES;
				SUPPORTED_PLATFORMS = "iphoneos iphonesimulator";
				SUPPORTS_MACCATALYST = NO;
				SUPPORTS_MAC_DESIGNED_FOR_IPHONE_IPAD = NO;
				SUPPORTS_XR_DESIGNED_FOR_IPHONE_IPAD = NO;
				SWIFT_APPROACHABLE_CONCURRENCY = YES;
				SWIFT_DEFAULT_ACTOR_ISOLATION = MainActor;
				SWIFT_EMIT_LOC_STRINGS = YES;
				SWIFT_UPCOMING_FEATURE_MEMBER_IMPORT_VISIBILITY = YES;
				SWIFT_VERSION = 5.0;
				TARGETED_DEVICE_FAMILY = 1;
			};
			name = Release;
		};
		30CB39722F8D715D00699281 /* Debug */ = {
			isa = XCBuildConfiguration;
			buildSettings = {
				ALWAYS_SEARCH_USER_PATHS = NO;
				ASSETCATALOG_COMPILER_GENERATE_SWIFT_ASSET_SYMBOL_EXTENSIONS = YES;
				CLANG_ANALYZER_NONNULL = YES;
				CLANG_ANALYZER_NUMBER_OBJECT_CONVERSION = YES_AGGRESSIVE;
				CLANG_CXX_LANGUAGE_STANDARD = "gnu++20";
				CLANG_ENABLE_MODULES = YES;
				CLANG_ENABLE_OBJC_ARC = YES;
				CLANG_ENABLE_OBJC_WEAK = YES;
				CLANG_WARN_BLOCK_CAPTURE_AUTORELEASING = YES;
				CLANG_WARN_BOOL_CONVERSION = YES;
				CLANG_WARN_COMMA = YES;
				CLANG_WARN_CONSTANT_CONVERSION = YES;
				CLANG_WARN_DEPRECATED_OBJC_IMPLEMENTATIONS = YES;
				CLANG_WARN_DIRECT_OBJC_ISA_USAGE = YES_ERROR;
				CLANG_WARN_DOCUMENTATION_COMMENTS = YES;
				CLANG_WARN_EMPTY_BODY = YES;
				CLANG_WARN_ENUM_CONVERSION = YES;
				CLANG_WARN_INFINITE_RECURSION = YES;
				CLANG_WARN_INT_CONVERSION = YES;
				CLANG_WARN_NON_LITERAL_NULL_CONVERSION = YES;
				CLANG_WARN_OBJC_IMPLICIT_RETAIN_SELF = YES;
				CLANG_WARN_OBJC_LITERAL_CONVERSION = YES;
				CLANG_WARN_OBJC_ROOT_CLASS = YES_ERROR;
				CLANG_WARN_QUOTED_INCLUDE_IN_FRAMEWORK_HEADER = YES;
				CLANG_WARN_RANGE_LOOP_ANALYSIS = YES;
				CLANG_WARN_STRICT_PROTOTYPES = YES;
				CLANG_WARN_SUSPICIOUS_MOVE = YES;
				CLANG_WARN_UNGUARDED_AVAILABILITY = YES_AGGRESSIVE;
				CLANG_WARN_UNREACHABLE_CODE = YES;
				CLANG_WARN__DUPLICATE_METHOD_MATCH = YES;
				COPY_PHASE_STRIP = NO;
				DEBUG_INFORMATION_FORMAT = dwarf;
				ENABLE_STRICT_OBJC_MSGSEND = YES;
				ENABLE_TESTABILITY = YES;
				ENABLE_USER_SCRIPT_SANDBOXING = YES;
				GCC_C_LANGUAGE_STANDARD = gnu17;
				GCC_DYNAMIC_NO_PIC = NO;
				GCC_NO_COMMON_BLOCKS = YES;
				GCC_OPTIMIZATION_LEVEL = 0;
				GCC_PREPROCESSOR_DEFINITIONS = (
					"DEBUG=1",
					"$(inherited)",
				);
				GCC_WARN_64_TO_32_BIT_CONVERSION = YES;
				GCC_WARN_ABOUT_RETURN_TYPE = YES_ERROR;
				GCC_WARN_UNDECLARED_SELECTOR = YES;
				GCC_WARN_UNINITIALIZED_AUTOS = YES_AGGRESSIVE;
				GCC_WARN_UNUSED_FUNCTION = YES;
				GCC_WARN_UNUSED_VARIABLE = YES;
				IPHONEOS_DEPLOYMENT_TARGET = 26.4;
				LOCALIZATION_PREFERS_STRING_CATALOGS = YES;
				MTL_ENABLE_DEBUG_INFO = INCLUDE_SOURCE;
				MTL_FAST_MATH = YES;
				ONLY_ACTIVE_ARCH = YES;
				SDKROOT = iphoneos;
				SWIFT_ACTIVE_COMPILATION_CONDITIONS = "DEBUG $(inherited)";
				SWIFT_OPTIMIZATION_LEVEL = "-Onone";
			};
			name = Debug;
		};
		30CB39732F8D715D00699281 /* Release */ = {
			isa = XCBuildConfiguration;
			buildSettings = {
				ALWAYS_SEARCH_USER_PATHS = NO;
				ASSETCATALOG_COMPILER_GENERATE_SWIFT_ASSET_SYMBOL_EXTENSIONS = YES;
				CLANG_ANALYZER_NONNULL = YES;
				CLANG_ANALYZER_NUMBER_OBJECT_CONVERSION = YES_AGGRESSIVE;
				CLANG_CXX_LANGUAGE_STANDARD = "gnu++20";
				CLANG_ENABLE_MODULES = YES;
				CLANG_ENABLE_OBJC_ARC = YES;
				CLANG_ENABLE_OBJC_WEAK = YES;
				CLANG_WARN_BLOCK_CAPTURE_AUTORELEASING = YES;
				CLANG_WARN_BOOL_CONVERSION = YES;
				CLANG_WARN_COMMA = YES;
				CLANG_WARN_CONSTANT_CONVERSION = YES;
				CLANG_WARN_DEPRECATED_OBJC_IMPLEMENTATIONS = YES;
				CLANG_WARN_DIRECT_OBJC_ISA_USAGE = YES_ERROR;
				CLANG_WARN_DOCUMENTATION_COMMENTS = YES;
				CLANG_WARN_EMPTY_BODY = YES;
				CLANG_WARN_ENUM_CONVERSION = YES;
				CLANG_WARN_INFINITE_RECURSION = YES;
				CLANG_WARN_INT_CONVERSION = YES;
				CLANG_WARN_NON_LITERAL_NULL_CONVERSION = YES;
				CLANG_WARN_OBJC_IMPLICIT_RETAIN_SELF = YES;
				CLANG_WARN_OBJC_LITERAL_CONVERSION = YES;
				CLANG_WARN_OBJC_ROOT_CLASS = YES_ERROR;
				CLANG_WARN_QUOTED_INCLUDE_IN_FRAMEWORK_HEADER = YES;
				CLANG_WARN_RANGE_LOOP_ANALYSIS = YES;
				CLANG_WARN_STRICT_PROTOTYPES = YES;
				CLANG_WARN_SUSPICIOUS_MOVE = YES;
				CLANG_WARN_UNGUARDED_AVAILABILITY = YES_AGGRESSIVE;
				CLANG_WARN_UNREACHABLE_CODE = YES;
				CLANG_WARN__DUPLICATE_METHOD_MATCH = YES;
				COPY_PHASE_STRIP = NO;
				DEBUG_INFORMATION_FORMAT = "dwarf-with-dsym";
				ENABLE_NS_ASSERTIONS = NO;
				ENABLE_STRICT_OBJC_MSGSEND = YES;
				ENABLE_USER_SCRIPT_SANDBOXING = YES;
				GCC_C_LANGUAGE_STANDARD = gnu17;
				GCC_NO_COMMON_BLOCKS = YES;
				GCC_WARN_64_TO_32_BIT_CONVERSION = YES;
				GCC_WARN_ABOUT_RETURN_TYPE = YES_ERROR;
				GCC_WARN_UNDECLARED_SELECTOR = YES;
				GCC_WARN_UNINITIALIZED_AUTOS = YES_AGGRESSIVE;
				GCC_WARN_UNUSED_FUNCTION = YES;
				GCC_WARN_UNUSED_VARIABLE = YES;
				IPHONEOS_DEPLOYMENT_TARGET = 26.4;
				LOCALIZATION_PREFERS_STRING_CATALOGS = YES;
				MTL_ENABLE_DEBUG_INFO = NO;
				MTL_FAST_MATH = YES;
				SDKROOT = iphoneos;
				SWIFT_COMPILATION_MODE = wholemodule;
				VALIDATE_PRODUCT = YES;
			};
			name = Release;
		};
		30EED6E92F921A2400B54138 /* Debug */ = {
			isa = XCBuildConfiguration;
			buildSettings = {
				CODE_SIGN_STYLE = Automatic;
				CURRENT_PROJECT_VERSION = 1;
				GENERATE_INFOPLIST_FILE = YES;
				INFOPLIST_FILE = NotificationServiceExtension/Info.plist;
				INFOPLIST_KEY_CFBundleDisplayName = NotificationServiceExtension;
				INFOPLIST_KEY_NSHumanReadableCopyright = "";
				IPHONEOS_DEPLOYMENT_TARGET = 16.6;
				LD_RUNPATH_SEARCH_PATHS = (
					"$(inherited)",
					"@executable_path/Frameworks",
					"@executable_path/../../Frameworks",
				);
				MARKETING_VERSION = 1.1;
				PRODUCT_BUNDLE_IDENTIFIER = com.ste.tr8lb3rgr0v2rstr.NotificationServiceExtension;
				PRODUCT_NAME = "$(TARGET_NAME)";
				SKIP_INSTALL = YES;
				STRING_CATALOG_GENERATE_SYMBOLS = YES;
				SUPPORTED_PLATFORMS = "iphoneos iphonesimulator";
				SUPPORTS_MACCATALYST = NO;
				SUPPORTS_MAC_DESIGNED_FOR_IPHONE_IPAD = NO;
				SUPPORTS_XR_DESIGNED_FOR_IPHONE_IPAD = NO;
				SWIFT_APPROACHABLE_CONCURRENCY = YES;
				SWIFT_EMIT_LOC_STRINGS = YES;
				SWIFT_UPCOMING_FEATURE_MEMBER_IMPORT_VISIBILITY = YES;
				SWIFT_VERSION = 5.0;
				TARGETED_DEVICE_FAMILY = 1;
			};
			name = Debug;
		};
		30EED6EA2F921A2400B54138 /* Release */ = {
			isa = XCBuildConfiguration;
			buildSettings = {
				CODE_SIGN_STYLE = Automatic;
				CURRENT_PROJECT_VERSION = 1;
				GENERATE_INFOPLIST_FILE = YES;
				INFOPLIST_FILE = NotificationServiceExtension/Info.plist;
				INFOPLIST_KEY_CFBundleDisplayName = NotificationServiceExtension;
				INFOPLIST_KEY_NSHumanReadableCopyright = "";
				IPHONEOS_DEPLOYMENT_TARGET = 16.6;
				LD_RUNPATH_SEARCH_PATHS = (
					"$(inherited)",
					"@executable_path/Frameworks",
					"@executable_path/../../Frameworks",
				);
				MARKETING_VERSION = 1.1;
				PRODUCT_BUNDLE_IDENTIFIER = com.ste.tr8lb3rgr0v2rstr.NotificationServiceExtension;
				PRODUCT_NAME = "$(TARGET_NAME)";
				SKIP_INSTALL = YES;
				STRING_CATALOG_GENERATE_SYMBOLS = YES;
				SUPPORTED_PLATFORMS = "iphoneos iphonesimulator";
				SUPPORTS_MACCATALYST = NO;
				SUPPORTS_MAC_DESIGNED_FOR_IPHONE_IPAD = NO;
				SUPPORTS_XR_DESIGNED_FOR_IPHONE_IPAD = NO;
				SWIFT_APPROACHABLE_CONCURRENCY = YES;
				SWIFT_EMIT_LOC_STRINGS = YES;
				SWIFT_UPCOMING_FEATURE_MEMBER_IMPORT_VISIBILITY = YES;
				SWIFT_VERSION = 5.0;
				TARGETED_DEVICE_FAMILY = 1;
			};
			name = Release;
		};
/* End XCBuildConfiguration section */

/* Begin XCConfigurationList section */
		30CB39572F8D715B00699281 /* Build configuration list for PBXProject "134GenxubrenVartrarpex" */ = {
			isa = XCConfigurationList;
			buildConfigurations = (
				30CB39722F8D715D00699281 /* Debug */,
				30CB39732F8D715D00699281 /* Release */,
			);
			defaultConfigurationIsVisible = 0;
			defaultConfigurationName = Release;
		};
		30CB396F2F8D715D00699281 /* Build configuration list for PBXNativeTarget "134GenxubrenVartrarpex" */ = {
			isa = XCConfigurationList;
			buildConfigurations = (
				30CB39702F8D715D00699281 /* Debug */,
				30CB39712F8D715D00699281 /* Release */,
			);
			defaultConfigurationIsVisible = 0;
			defaultConfigurationName = Release;
		};
		30EED6E82F921A2400B54138 /* Build configuration list for PBXNativeTarget "NotificationServiceExtension" */ = {
			isa = XCConfigurationList;
			buildConfigurations = (
				30EED6E92F921A2400B54138 /* Debug */,
				30EED6EA2F921A2400B54138 /* Release */,
			);
			defaultConfigurationIsVisible = 0;
			defaultConfigurationName = Release;
		};
/* End XCConfigurationList section */

/* Begin XCRemoteSwiftPackageReference section */
		30EED6EC2F921AEB00B54138 /* XCRemoteSwiftPackageReference "AppsFlyerFramework-Static" */ = {
			isa = XCRemoteSwiftPackageReference;
			repositoryURL = "https://github.com/AppsFlyerSDK/AppsFlyerFramework-Static";
			requirement = {
				kind = upToNextMajorVersion;
				minimumVersion = 6.17.9;
			};
		};
		30EED6EF2F921B5800B54138 /* XCRemoteSwiftPackageReference "firebase-ios-sdk" */ = {
			isa = XCRemoteSwiftPackageReference;
			repositoryURL = "https://github.com/firebase/firebase-ios-sdk";
			requirement = {
				kind = upToNextMajorVersion;
				minimumVersion = 12.12.1;
			};
		};
/* End XCRemoteSwiftPackageReference section */

/* Begin XCSwiftPackageProductDependency section */
		30EED6ED2F921AEB00B54138 /* AppsFlyerLib-Static */ = {
			isa = XCSwiftPackageProductDependency;
			package = 30EED6EC2F921AEB00B54138 /* XCRemoteSwiftPackageReference "AppsFlyerFramework-Static" */;
			productName = "AppsFlyerLib-Static";
		};
		30EED6F02F921B5800B54138 /* FirebaseMessaging */ = {
			isa = XCSwiftPackageProductDependency;
			package = 30EED6EF2F921B5800B54138 /* XCRemoteSwiftPackageReference "firebase-ios-sdk" */;
			productName = FirebaseMessaging;
		};
		30EED6F22F921B6700B54138 /* FirebaseMessaging */ = {
			isa = XCSwiftPackageProductDependency;
			package = 30EED6EF2F921B5800B54138 /* XCRemoteSwiftPackageReference "firebase-ios-sdk" */;
			productName = FirebaseMessaging;
		};
/* End XCSwiftPackageProductDependency section */
	};
	rootObject = 30CB39542F8D715B00699281 /* Project object */;
}
